
Microsoft Visual Studio Solution File, Format Version 12.00
# Visual Studio 2012
Project("{FAE04EC0-301F-11D3-BF4B-00C04F79EFBC}") = "PosEd", "PosEd\PosEd.csproj", "{BCD7E096-190A-4D06-AC21-E91036881A01}"
EndProject
Project("{FAE04EC0-301F-11D3-BF4B-00C04F79EFBC}") = "MapGen", "MapGen\MapGen.csproj", "{D28F16B6-D30E-4307-AAF2-BF047C4495D9}"
EndProject
Global
	GlobalSection(SolutionConfigurationPlatforms) = preSolution
		Debug|Any CPU = Debug|Any CPU
		Release|Any CPU = Release|Any CPU
		AppStore|Any CPU = AppStore|Any CPU
		Distribution|Any CPU = Distribution|Any CPU
	EndGlobalSection
	GlobalSection(ProjectConfigurationPlatforms) = postSolution
		{BCD7E096-190A-4D06-AC21-E91036881A01}.AppStore|Any CPU.ActiveCfg = AppStore|Any CPU
		{BCD7E096-190A-4D06-AC21-E91036881A01}.AppStore|Any CPU.Build.0 = AppStore|Any CPU
		{BCD7E096-190A-4D06-AC21-E91036881A01}.Debug|Any CPU.ActiveCfg = Debug|Any CPU
		{BCD7E096-190A-4D06-AC21-E91036881A01}.Debug|Any CPU.Build.0 = Debug|Any CPU
		{BCD7E096-190A-4D06-AC21-E91036881A01}.Distribution|Any CPU.ActiveCfg = Debug|Any CPU
		{BCD7E096-190A-4D06-AC21-E91036881A01}.Distribution|Any CPU.Build.0 = Debug|Any CPU
		{BCD7E096-190A-4D06-AC21-E91036881A01}.Release|Any CPU.ActiveCfg = Release|Any CPU
		{BCD7E096-190A-4D06-AC21-E91036881A01}.Release|Any CPU.Build.0 = Release|Any CPU
		{D28F16B6-D30E-4307-AAF2-BF047C4495D9}.AppStore|Any CPU.ActiveCfg = Release|Any CPU
		{D28F16B6-D30E-4307-AAF2-BF047C4495D9}.AppStore|Any CPU.Build.0 = Release|Any CPU
		{D28F16B6-D30E-4307-AAF2-BF047C4495D9}.Debug|Any CPU.ActiveCfg = Debug|Any CPU
		{D28F16B6-D30E-4307-AAF2-BF047C4495D9}.Debug|Any CPU.Build.0 = Debug|Any CPU
		{D28F16B6-D30E-4307-AAF2-BF047C4495D9}.Distribution|Any CPU.ActiveCfg = Debug|Any CPU
		{D28F16B6-D30E-4307-AAF2-BF047C4495D9}.Distribution|Any CPU.Build.0 = Debug|Any CPU
		{D28F16B6-D30E-4307-AAF2-BF047C4495D9}.Release|Any CPU.ActiveCfg = Release|Any CPU
		{D28F16B6-D30E-4307-AAF2-BF047C4495D9}.Release|Any CPU.Build.0 = Release|Any CPU
	EndGlobalSection
	GlobalSection(MonoDevelopProperties) = preSolution
		StartupItem = PosEd\PosEd.csproj
	EndGlobalSection
EndGlobal
